
Microsoft Visual Studio Solution File, Format Version 12.00
# Visual Studio 2012
Project("{9092AA53-FB77-4645-B42D-1CCCA6BD08BD}") = "ExcelProcessorApp", "ExcelProcessorApp\ExcelProcessorApp.njsproj", "{22A813B3-F759-4B78-B006-D5ED6EB748E5}"
EndProject
Global
	GlobalSection(SolutionConfigurationPlatforms) = preSolution
		Debug|Any CPU = Debug|Any CPU
		Release|Any CPU = Release|Any CPU
	EndGlobalSection
	GlobalSection(ProjectConfigurationPlatforms) = postSolution
		{22A813B3-F759-4B78-B006-D5ED6EB748E5}.Debug|Any CPU.ActiveCfg = Debug|Any CPU
		{22A813B3-F759-4B78-B006-D5ED6EB748E5}.Debug|Any CPU.Build.0 = Debug|Any CPU
		{22A813B3-F759-4B78-B006-D5ED6EB748E5}.Release|Any CPU.ActiveCfg = Release|Any CPU
		{22A813B3-F759-4B78-B006-D5ED6EB748E5}.Release|Any CPU.Build.0 = Release|Any CPU
	EndGlobalSection
	GlobalSection(SolutionProperties) = preSolution
		HideSolutionNode = FALSE
	EndGlobalSection
EndGlobal
